
Microsoft Visual Studio Solution File, Format Version 12.00
Project("{FAE04EC0-301F-11D3-BF4B-00C04F79EFBC}") = "lab9", "lab9\lab9.csproj", "{2E9FEB99-8871-4FB0-871F-EF4DB8EF84B8}"
EndProject
Global
	GlobalSection(SolutionConfigurationPlatforms) = preSolution
		Debug|Any CPU = Debug|Any CPU
		Release|Any CPU = Release|Any CPU
	EndGlobalSection
	GlobalSection(ProjectConfigurationPlatforms) = postSolution
		{2E9FEB99-8871-4FB0-871F-EF4DB8EF84B8}.Debug|Any CPU.ActiveCfg = Debug|Any CPU
		{2E9FEB99-8871-4FB0-871F-EF4DB8EF84B8}.Debug|Any CPU.Build.0 = Debug|Any CPU
		{2E9FEB99-8871-4FB0-871F-EF4DB8EF84B8}.Release|Any CPU.ActiveCfg = Release|Any CPU
		{2E9FEB99-8871-4FB0-871F-EF4DB8EF84B8}.Release|Any CPU.Build.0 = Release|Any CPU
	EndGlobalSection
EndGlobal
